
Microsoft Visual Studio Solution File, Format Version 12.00
# Visual Studio Version 17
VisualStudioVersion = 17.4.33020.496
MinimumVisualStudioVersion = 10.0.40219.1
Project("{00D1A9C2-B5F0-4AF3-8072-F6C62B433612}") = "Eshop.DatabaseProject", "Eshop.DatabaseProject\Eshop.DatabaseProject.sqlproj", "{32AAC4A0-AE5A-4388-91FE-CA784844E4FB}"
EndProject
Global
	GlobalSection(SolutionConfigurationPlatforms) = preSolution
		Debug|Any CPU = Debug|Any CPU
		Release|Any CPU = Release|Any CPU
	EndGlobalSection
	GlobalSection(ProjectConfigurationPlatforms) = postSolution
		{32AAC4A0-AE5A-4388-91FE-CA784844E4FB}.Debug|Any CPU.ActiveCfg = Debug|Any CPU
		{32AAC4A0-AE5A-4388-91FE-CA784844E4FB}.Debug|Any CPU.Build.0 = Debug|Any CPU
		{32AAC4A0-AE5A-4388-91FE-CA784844E4FB}.Debug|Any CPU.Deploy.0 = Debug|Any CPU
		{32AAC4A0-AE5A-4388-91FE-CA784844E4FB}.Release|Any CPU.ActiveCfg = Release|Any CPU
		{32AAC4A0-AE5A-4388-91FE-CA784844E4FB}.Release|Any CPU.Build.0 = Release|Any CPU
		{32AAC4A0-AE5A-4388-91FE-CA784844E4FB}.Release|Any CPU.Deploy.0 = Release|Any CPU
	EndGlobalSection
	GlobalSection(SolutionProperties) = preSolution
		HideSolutionNode = FALSE
	EndGlobalSection
	GlobalSection(ExtensibilityGlobals) = postSolution
		SolutionGuid = {210BB51C-A458-4239-9097-4B016A5B009B}
	EndGlobalSection
EndGlobal
